
Microsoft Visual Studio Solution File, Format Version 12.00
# Visual Studio 15
VisualStudioVersion = 15.0.27703.1
MinimumVisualStudioVersion = 10.0.40219.1
Project("{9A19103F-16F7-4668-BE54-9A1E7A4F7556}") = "Base.API", "Base.API\Base.API.csproj", "{B95257E6-8683-42D8-9C05-F7365EA3FD5F}"
EndProject
Project("{9A19103F-16F7-4668-BE54-9A1E7A4F7556}") = "Base.Infra.Data", "..\Base.Infra.Data\Base.Infra.Data.csproj", "{A428A44D-B1C6-40E6-BDD5-D7CA0370501D}"
EndProject
Project("{9A19103F-16F7-4668-BE54-9A1E7A4F7556}") = "Base.Infra.CrossCutting", "..\Base.Infra.CrossCutting\Base.Infra.CrossCutting.csproj", "{A78C492E-A212-48D0-9CE8-1034E1B073E0}"
EndProject
Project("{9A19103F-16F7-4668-BE54-9A1E7A4F7556}") = "Base.Domain", "..\Base.Domain\Base.Domain.csproj", "{1AE92F00-5C17-4A3E-8146-2DDBB2DAAB89}"
EndProject
Global
	GlobalSection(SolutionConfigurationPlatforms) = preSolution
		Debug|Any CPU = Debug|Any CPU
		Release|Any CPU = Release|Any CPU
	EndGlobalSection
	GlobalSection(ProjectConfigurationPlatforms) = postSolution
		{B95257E6-8683-42D8-9C05-F7365EA3FD5F}.Debug|Any CPU.ActiveCfg = Debug|Any CPU
		{B95257E6-8683-42D8-9C05-F7365EA3FD5F}.Debug|Any CPU.Build.0 = Debug|Any CPU
		{B95257E6-8683-42D8-9C05-F7365EA3FD5F}.Release|Any CPU.ActiveCfg = Release|Any CPU
		{B95257E6-8683-42D8-9C05-F7365EA3FD5F}.Release|Any CPU.Build.0 = Release|Any CPU
		{A428A44D-B1C6-40E6-BDD5-D7CA0370501D}.Debug|Any CPU.ActiveCfg = Debug|Any CPU
		{A428A44D-B1C6-40E6-BDD5-D7CA0370501D}.Debug|Any CPU.Build.0 = Debug|Any CPU
		{A428A44D-B1C6-40E6-BDD5-D7CA0370501D}.Release|Any CPU.ActiveCfg = Release|Any CPU
		{A428A44D-B1C6-40E6-BDD5-D7CA0370501D}.Release|Any CPU.Build.0 = Release|Any CPU
		{A78C492E-A212-48D0-9CE8-1034E1B073E0}.Debug|Any CPU.ActiveCfg = Debug|Any CPU
		{A78C492E-A212-48D0-9CE8-1034E1B073E0}.Debug|Any CPU.Build.0 = Debug|Any CPU
		{A78C492E-A212-48D0-9CE8-1034E1B073E0}.Release|Any CPU.ActiveCfg = Release|Any CPU
		{A78C492E-A212-48D0-9CE8-1034E1B073E0}.Release|Any CPU.Build.0 = Release|Any CPU
		{1AE92F00-5C17-4A3E-8146-2DDBB2DAAB89}.Debug|Any CPU.ActiveCfg = Debug|Any CPU
		{1AE92F00-5C17-4A3E-8146-2DDBB2DAAB89}.Debug|Any CPU.Build.0 = Debug|Any CPU
		{1AE92F00-5C17-4A3E-8146-2DDBB2DAAB89}.Release|Any CPU.ActiveCfg = Release|Any CPU
		{1AE92F00-5C17-4A3E-8146-2DDBB2DAAB89}.Release|Any CPU.Build.0 = Release|Any CPU
	EndGlobalSection
	GlobalSection(SolutionProperties) = preSolution
		HideSolutionNode = FALSE
	EndGlobalSection
	GlobalSection(ExtensibilityGlobals) = postSolution
		SolutionGuid = {0F1017ED-494C-4E63-9474-A1BDE01954F2}
	EndGlobalSection
EndGlobal
